#MicroXplorer Configuration settings - do not modify
Dma.Request0=UART7_RX
Dma.Request1=UART7_TX
Dma.RequestsNb=2
Dma.UART7_RX.0.Direction=DMA_PERIPH_TO_MEMORY
Dma.UART7_RX.0.FIFOMode=DMA_FIFOMODE_DISABLE
Dma.UART7_RX.0.Instance=DMA1_Stream3
Dma.UART7_RX.0.MemDataAlignment=DMA_MDATAALIGN_BYTE
Dma.UART7_RX.0.MemInc=DMA_MINC_ENABLE
Dma.UART7_RX.0.Mode=DMA_CIRCULAR
Dma.UART7_RX.0.PeriphDataAlignment=DMA_PDATAALIGN_BYTE
Dma.UART7_RX.0.PeriphInc=DMA_PINC_DISABLE
Dma.UART7_RX.0.Priority=DMA_PRIORITY_LOW
Dma.UART7_RX.0.RequestParameters=Instance,Direction,PeriphInc,MemInc,PeriphDataAlignment,MemDataAlignment,Mode,Priority,FIFOMode
Dma.UART7_TX.1.Direction=DMA_MEMORY_TO_PERIPH
Dma.UART7_TX.1.FIFOMode=DMA_FIFOMODE_DISABLE
Dma.UART7_TX.1.Instance=DMA1_Stream1
Dma.UART7_TX.1.MemDataAlignment=DMA_MDATAALIGN_BYTE
Dma.UART7_TX.1.MemInc=DMA_MINC_ENABLE
Dma.UART7_TX.1.Mode=DMA_NORMAL
Dma.UART7_TX.1.PeriphDataAlignment=DMA_PDATAALIGN_BYTE
Dma.UART7_TX.1.PeriphInc=DMA_PINC_DISABLE
Dma.UART7_TX.1.Priority=DMA_PRIORITY_LOW
Dma.UART7_TX.1.RequestParameters=Instance,Direction,PeriphInc,MemInc,PeriphDataAlignment,MemDataAlignment,Mode,Priority,FIFOMode
FMC.CASLatency1=FMC_SDRAM_CAS_LATENCY_3
FMC.ExitSelfRefreshDelay1=7
FMC.IPParameters=CASLatency1,SDClockPeriod1,SDClockPeriod2,ReadPipeDelay1,ReadPipeDelay2,LoadToActiveDelay1,ExitSelfRefreshDelay1,SelfRefreshTime1,RowCycleDelay1,RowCycleDelay2,WriteRecoveryTime1,RPDelay1,RPDelay2,RCDDelay1
FMC.LoadToActiveDelay1=2
FMC.RCDDelay1=2
FMC.RPDelay1=2
FMC.RPDelay2=2
FMC.ReadPipeDelay1=FMC_SDRAM_RPIPE_DELAY_1
FMC.ReadPipeDelay2=FMC_SDRAM_RPIPE_DELAY_1
FMC.RowCycleDelay1=7
FMC.RowCycleDelay2=7
FMC.SDClockPeriod1=FMC_SDRAM_CLOCK_PERIOD_2
FMC.SDClockPeriod2=FMC_SDRAM_CLOCK_PERIOD_2
FMC.SelfRefreshTime1=4
FMC.WriteRecoveryTime1=3
File.Version=6
GPIO.groupedBy=Group By Peripherals
KeepUserPlacement=false
LTDC.ActiveH=480
LTDC.ActiveW=640
LTDC.Alpha_L0=255
LTDC.FBStartAdress_L0=0xd0000000
LTDC.HBP=48
LTDC.HFP=16
LTDC.HSPolarity=LTDC_HSPOLARITY_AL
LTDC.HSync=96
LTDC.IPParameters=HSync,HBP,ActiveW,HFP,VSync,VFP,ActiveH,Layers,WindowX1_L0,WindowY1_L0,ImageWidth_L0,ImageHeight_L0,PixelFormat_L0,Alpha_L0,VBP,HSPolarity,VSPolarity,WindowX0_L0,WindowY0_L0,FBStartAdress_L0
LTDC.ImageHeight_L0=384
LTDC.ImageWidth_L0=640
LTDC.Layers=0
LTDC.PixelFormat_L0=LTDC_PIXEL_FORMAT_L8
LTDC.VBP=33
LTDC.VFP=10
LTDC.VSPolarity=LTDC_VSPOLARITY_AL
LTDC.VSync=2
LTDC.WindowX0_L0=0
LTDC.WindowX1_L0=640
LTDC.WindowY0_L0=48
LTDC.WindowY1_L0=432
Mcu.Family=STM32F4
Mcu.IP0=DMA
Mcu.IP1=FMC
Mcu.IP2=LTDC
Mcu.IP3=NVIC
Mcu.IP4=RCC
Mcu.IP5=SYS
Mcu.IP6=TIM1
Mcu.IP7=UART7
Mcu.IP8=USB_HOST
Mcu.IP9=USB_OTG_HS
Mcu.IPNb=10
Mcu.Name=STM32F429ZITx
Mcu.Package=LQFP144
Mcu.Pin0=PF0
Mcu.Pin1=PF1
Mcu.Pin10=PH1/OSC_OUT
Mcu.Pin11=PC0
Mcu.Pin12=PA3
Mcu.Pin13=PA4
Mcu.Pin14=PA6
Mcu.Pin15=PC4
Mcu.Pin16=PB0
Mcu.Pin17=PB1
Mcu.Pin18=PF11
Mcu.Pin19=PF12
Mcu.Pin2=PF2
Mcu.Pin20=PF13
Mcu.Pin21=PF14
Mcu.Pin22=PF15
Mcu.Pin23=PG0
Mcu.Pin24=PG1
Mcu.Pin25=PE7
Mcu.Pin26=PE8
Mcu.Pin27=PE9
Mcu.Pin28=PE10
Mcu.Pin29=PE11
Mcu.Pin3=PF3
Mcu.Pin30=PE12
Mcu.Pin31=PE13
Mcu.Pin32=PE14
Mcu.Pin33=PE15
Mcu.Pin34=PB10
Mcu.Pin35=PB11
Mcu.Pin36=PB14
Mcu.Pin37=PB15
Mcu.Pin38=PD8
Mcu.Pin39=PD9
Mcu.Pin4=PF4
Mcu.Pin40=PD10
Mcu.Pin41=PD14
Mcu.Pin42=PD15
Mcu.Pin43=PG4
Mcu.Pin44=PG5
Mcu.Pin45=PG6
Mcu.Pin46=PG7
Mcu.Pin47=PG8
Mcu.Pin48=PC6
Mcu.Pin49=PC7
Mcu.Pin5=PF5
Mcu.Pin50=PA11
Mcu.Pin51=PA12
Mcu.Pin52=PA13
Mcu.Pin53=PA14
Mcu.Pin54=PC10
Mcu.Pin55=PD0
Mcu.Pin56=PD1
Mcu.Pin57=PD3
Mcu.Pin58=PD6
Mcu.Pin59=PG10
Mcu.Pin6=PF6
Mcu.Pin60=PG11
Mcu.Pin61=PG12
Mcu.Pin62=PG15
Mcu.Pin63=PB3
Mcu.Pin64=PB5
Mcu.Pin65=PB6
Mcu.Pin66=PB8
Mcu.Pin67=PB9
Mcu.Pin68=PE0
Mcu.Pin69=PE1
Mcu.Pin7=PF7
Mcu.Pin70=VP_SYS_VS_tim6
Mcu.Pin71=VP_TIM1_VS_ClockSourceINT
Mcu.Pin72=VP_USB_HOST_VS_USB_HOST_HID_HS
Mcu.Pin8=PF10
Mcu.Pin9=PH0/OSC_IN
Mcu.PinsNb=73
Mcu.ThirdPartyNb=0
Mcu.UserConstants=
Mcu.UserName=STM32F429ZITx
MxCube.Version=5.6.1
MxDb.Version=DB.5.0.60
NVIC.BusFault_IRQn=true\:0\:0\:false\:false\:true\:false\:false
NVIC.DMA1_Stream1_IRQn=true\:0\:0\:false\:false\:true\:false\:true
NVIC.DMA1_Stream3_IRQn=true\:0\:0\:false\:false\:true\:false\:true
NVIC.DebugMonitor_IRQn=true\:0\:0\:false\:false\:true\:false\:false
NVIC.ForceEnableDMAVector=true
NVIC.HardFault_IRQn=true\:0\:0\:false\:false\:true\:false\:false
NVIC.MemoryManagement_IRQn=true\:0\:0\:false\:false\:true\:false\:false
NVIC.NonMaskableInt_IRQn=true\:0\:0\:false\:false\:true\:false\:false
NVIC.OTG_HS_IRQn=true\:0\:0\:false\:false\:true\:true\:true
NVIC.PendSV_IRQn=true\:0\:0\:false\:false\:true\:false\:false
NVIC.PriorityGroup=NVIC_PRIORITYGROUP_4
NVIC.SVCall_IRQn=true\:0\:0\:false\:false\:true\:false\:false
NVIC.SysTick_IRQn=true\:0\:0\:false\:false\:false\:false\:false
NVIC.TIM1_UP_TIM10_IRQn=true\:0\:0\:false\:false\:true\:true\:true
NVIC.TIM6_DAC_IRQn=true\:0\:0\:false\:false\:true\:false\:true
NVIC.TimeBase=TIM6_DAC_IRQn
NVIC.TimeBaseIP=TIM6
NVIC.UART7_IRQn=true\:0\:0\:false\:false\:true\:true\:true
NVIC.UsageFault_IRQn=true\:0\:0\:false\:false\:true\:false\:false
PA11.GPIOParameters=GPIO_Speed,GPIO_PuPd,GPIO_Mode
PA11.GPIO_Mode=GPIO_MODE_AF_PP
PA11.GPIO_PuPd=GPIO_NOPULL
PA11.GPIO_Speed=GPIO_SPEED_FREQ_HIGH
PA11.Locked=true
PA11.Mode=RGB666
PA11.Signal=LTDC_R4
PA12.GPIOParameters=GPIO_Speed,GPIO_PuPd,GPIO_Mode
PA12.GPIO_Mode=GPIO_MODE_AF_PP
PA12.GPIO_PuPd=GPIO_NOPULL
PA12.GPIO_Speed=GPIO_SPEED_FREQ_HIGH
PA12.Locked=true
PA12.Mode=RGB666
PA12.Signal=LTDC_R5
PA13.Locked=true
PA13.Mode=Trace_Asynchronous_SW
PA13.Signal=SYS_JTMS-SWDIO
PA14.Locked=true
PA14.Mode=Trace_Asynchronous_SW
PA14.Signal=SYS_JTCK-SWCLK
PA3.GPIOParameters=GPIO_Speed,GPIO_PuPd,GPIO_Mode
PA3.GPIO_Mode=GPIO_MODE_AF_PP
PA3.GPIO_PuPd=GPIO_NOPULL
PA3.GPIO_Speed=GPIO_SPEED_FREQ_HIGH
PA3.Locked=true
PA3.Mode=RGB666
PA3.Signal=LTDC_B5
PA4.GPIOParameters=GPIO_Speed,GPIO_PuPd,GPIO_Mode
PA4.GPIO_Mode=GPIO_MODE_AF_PP
PA4.GPIO_PuPd=GPIO_NOPULL
PA4.GPIO_Speed=GPIO_SPEED_FREQ_HIGH
PA4.Locked=true
PA4.Mode=RGB666
PA4.Signal=LTDC_VSYNC
PA6.GPIOParameters=GPIO_Speed,GPIO_PuPd,GPIO_Mode
PA6.GPIO_Mode=GPIO_MODE_AF_PP
PA6.GPIO_PuPd=GPIO_NOPULL
PA6.GPIO_Speed=GPIO_SPEED_FREQ_HIGH
PA6.Locked=true
PA6.Mode=RGB666
PA6.Signal=LTDC_G2
PB0.GPIOParameters=GPIO_Speed,GPIO_PuPd,GPIO_Mode
PB0.GPIO_Mode=GPIO_MODE_AF_PP
PB0.GPIO_PuPd=GPIO_NOPULL
PB0.GPIO_Speed=GPIO_SPEED_FREQ_HIGH
PB0.Locked=true
PB0.Mode=RGB666
PB0.Signal=LTDC_R3
PB1.GPIOParameters=GPIO_Speed,GPIO_PuPd,GPIO_Mode
PB1.GPIO_Mode=GPIO_MODE_AF_PP
PB1.GPIO_PuPd=GPIO_NOPULL
PB1.GPIO_Speed=GPIO_SPEED_FREQ_HIGH
PB1.Locked=true
PB1.Mode=RGB666
PB1.Signal=LTDC_R6
PB10.GPIOParameters=GPIO_Speed,GPIO_PuPd,GPIO_Mode
PB10.GPIO_Mode=GPIO_MODE_AF_PP
PB10.GPIO_PuPd=GPIO_NOPULL
PB10.GPIO_Speed=GPIO_SPEED_FREQ_HIGH
PB10.Locked=true
PB10.Mode=RGB666
PB10.Signal=LTDC_G4
PB11.GPIOParameters=GPIO_Speed,GPIO_PuPd,GPIO_Mode
PB11.GPIO_Mode=GPIO_MODE_AF_PP
PB11.GPIO_PuPd=GPIO_NOPULL
PB11.GPIO_Speed=GPIO_SPEED_FREQ_HIGH
PB11.Locked=true
PB11.Mode=RGB666
PB11.Signal=LTDC_G5
PB14.GPIOParameters=GPIO_Speed,GPIO_PuPd,GPIO_Mode
PB14.GPIO_Mode=GPIO_MODE_AF_PP
PB14.GPIO_PuPd=GPIO_NOPULL
PB14.GPIO_Speed=GPIO_SPEED_FREQ_VERY_HIGH
PB14.Locked=true
PB14.Mode=Host_FS
PB14.Signal=USB_OTG_HS_DM
PB15.GPIOParameters=GPIO_Speed,GPIO_PuPd,GPIO_Mode
PB15.GPIO_Mode=GPIO_MODE_AF_PP
PB15.GPIO_PuPd=GPIO_NOPULL
PB15.GPIO_Speed=GPIO_SPEED_FREQ_VERY_HIGH
PB15.Locked=true
PB15.Mode=Host_FS
PB15.Signal=USB_OTG_HS_DP
PB3.Locked=true
PB3.Mode=Trace_Asynchronous_SW
PB3.Signal=SYS_JTDO-SWO
PB5.Mode=SdramChipSelect2_1
PB5.Signal=FMC_SDCKE1
PB6.Mode=SdramChipSelect2_1
PB6.Signal=FMC_SDNE1
PB8.GPIOParameters=GPIO_Speed,GPIO_PuPd,GPIO_Mode
PB8.GPIO_Mode=GPIO_MODE_AF_PP
PB8.GPIO_PuPd=GPIO_NOPULL
PB8.GPIO_Speed=GPIO_SPEED_FREQ_HIGH
PB8.Locked=true
PB8.Mode=RGB666
PB8.Signal=LTDC_B6
PB9.GPIOParameters=GPIO_Speed,GPIO_PuPd,GPIO_Mode
PB9.GPIO_Mode=GPIO_MODE_AF_PP
PB9.GPIO_PuPd=GPIO_NOPULL
PB9.GPIO_Speed=GPIO_SPEED_FREQ_HIGH
PB9.Locked=true
PB9.Mode=RGB666
PB9.Signal=LTDC_B7
PC0.Signal=FMC_SDNWE
PC10.GPIOParameters=GPIO_Speed
PC10.GPIO_Speed=GPIO_SPEED_FREQ_HIGH
PC10.Mode=RGB666
PC10.Signal=LTDC_R2
PC4.GPIOParameters=GPIO_Label
PC4.GPIO_Label=USB_OTG_HS_DRIVE_VBUS
PC4.Locked=true
PC4.Signal=GPIO_Output
PC6.GPIOParameters=GPIO_Speed,GPIO_PuPd,GPIO_Mode
PC6.GPIO_Mode=GPIO_MODE_AF_PP
PC6.GPIO_PuPd=GPIO_NOPULL
PC6.GPIO_Speed=GPIO_SPEED_FREQ_HIGH
PC6.Locked=true
PC6.Mode=RGB666
PC6.Signal=LTDC_HSYNC
PC7.GPIOParameters=GPIO_Speed,GPIO_PuPd,GPIO_Mode
PC7.GPIO_Mode=GPIO_MODE_AF_PP
PC7.GPIO_PuPd=GPIO_NOPULL
PC7.GPIO_Speed=GPIO_SPEED_FREQ_HIGH
PC7.Locked=true
PC7.Mode=RGB666
PC7.Signal=LTDC_G6
PD0.Signal=FMC_D2_DA2
PD1.Signal=FMC_D3_DA3
PD10.Signal=FMC_D15_DA15
PD14.Signal=FMC_D0_DA0
PD15.Signal=FMC_D1_DA1
PD3.GPIOParameters=GPIO_Speed,GPIO_PuPd,GPIO_Mode
PD3.GPIO_Mode=GPIO_MODE_AF_PP
PD3.GPIO_PuPd=GPIO_NOPULL
PD3.GPIO_Speed=GPIO_SPEED_FREQ_HIGH
PD3.Locked=true
PD3.Mode=RGB666
PD3.Signal=LTDC_G7
PD6.GPIOParameters=GPIO_Speed
PD6.GPIO_Speed=GPIO_SPEED_FREQ_HIGH
PD6.Mode=RGB666
PD6.Signal=LTDC_B2
PD8.Signal=FMC_D13_DA13
PD9.Signal=FMC_D14_DA14
PE0.Signal=FMC_NBL0
PE1.Signal=FMC_NBL1
PE10.Signal=FMC_D7_DA7
PE11.Signal=FMC_D8_DA8
PE12.Signal=FMC_D9_DA9
PE13.Signal=FMC_D10_DA10
PE14.Signal=FMC_D11_DA11
PE15.Signal=FMC_D12_DA12
PE7.Signal=FMC_D4_DA4
PE8.Signal=FMC_D5_DA5
PE9.Signal=FMC_D6_DA6
PF0.Signal=FMC_A0
PF1.Signal=FMC_A1
PF10.GPIOParameters=GPIO_Speed,GPIO_PuPd,GPIO_Mode
PF10.GPIO_Mode=GPIO_MODE_AF_PP
PF10.GPIO_PuPd=GPIO_NOPULL
PF10.GPIO_Speed=GPIO_SPEED_FREQ_HIGH
PF10.Locked=true
PF10.Mode=RGB666
PF10.Signal=LTDC_DE
PF11.Signal=FMC_SDNRAS
PF12.Signal=FMC_A6
PF13.Signal=FMC_A7
PF14.Signal=FMC_A8
PF15.Signal=FMC_A9
PF2.Signal=FMC_A2
PF3.Signal=FMC_A3
PF4.Signal=FMC_A4
PF5.Signal=FMC_A5
PF6.Mode=Asynchronous
PF6.Signal=UART7_RX
PF7.Mode=Asynchronous
PF7.Signal=UART7_TX
PG0.Signal=FMC_A10
PG1.Signal=FMC_A11
PG10.GPIOParameters=GPIO_Speed,GPIO_PuPd,GPIO_Mode
PG10.GPIO_Mode=GPIO_MODE_AF_PP
PG10.GPIO_PuPd=GPIO_NOPULL
PG10.GPIO_Speed=GPIO_SPEED_FREQ_HIGH
PG10.Locked=true
PG10.Mode=RGB666
PG10.Signal=LTDC_G3
PG11.GPIOParameters=GPIO_Speed,GPIO_PuPd,GPIO_Mode
PG11.GPIO_Mode=GPIO_MODE_AF_PP
PG11.GPIO_PuPd=GPIO_NOPULL
PG11.GPIO_Speed=GPIO_SPEED_FREQ_HIGH
PG11.Locked=true
PG11.Mode=RGB666
PG11.Signal=LTDC_B3
PG12.GPIOParameters=GPIO_Speed,GPIO_PuPd,GPIO_Mode
PG12.GPIO_Mode=GPIO_MODE_AF_PP
PG12.GPIO_PuPd=GPIO_NOPULL
PG12.GPIO_Speed=GPIO_SPEED_FREQ_HIGH
PG12.Locked=true
PG12.Mode=RGB666
PG12.Signal=LTDC_B4
PG15.Signal=FMC_SDNCAS
PG4.Signal=FMC_A14_BA0
PG5.Signal=FMC_A15_BA1
PG6.GPIOParameters=GPIO_Speed,GPIO_PuPd,GPIO_Mode
PG6.GPIO_Mode=GPIO_MODE_AF_PP
PG6.GPIO_PuPd=GPIO_NOPULL
PG6.GPIO_Speed=GPIO_SPEED_FREQ_HIGH
PG6.Locked=true
PG6.Mode=RGB666
PG6.Signal=LTDC_R7
PG7.GPIOParameters=GPIO_Speed,GPIO_PuPd,GPIO_Mode
PG7.GPIO_Mode=GPIO_MODE_AF_PP
PG7.GPIO_PuPd=GPIO_NOPULL
PG7.GPIO_Speed=GPIO_SPEED_FREQ_HIGH
PG7.Locked=true
PG7.Mode=RGB666
PG7.Signal=LTDC_CLK
PG8.Signal=FMC_SDCLK
PH0/OSC_IN.Locked=true
PH0/OSC_IN.Mode=HSE-External-Oscillator
PH0/OSC_IN.Signal=RCC_OSC_IN
PH1/OSC_OUT.Locked=true
PH1/OSC_OUT.Mode=HSE-External-Oscillator
PH1/OSC_OUT.Signal=RCC_OSC_OUT
PinOutPanel.RotationAngle=0
ProjectManager.AskForMigrate=true
ProjectManager.BackupPrevious=false
ProjectManager.CompilerOptimize=6
ProjectManager.ComputerToolchain=false
ProjectManager.CoupleFile=true
ProjectManager.CustomerFirmwarePackage=
ProjectManager.DefaultFWLocation=true
ProjectManager.DeletePrevious=true
ProjectManager.DeviceId=STM32F429ZITx
ProjectManager.FirmwarePackage=STM32Cube FW_F4 V1.25.0
ProjectManager.FreePins=false
ProjectManager.HalAssertFull=false
ProjectManager.HeapSize=0x8000
ProjectManager.KeepUserCode=true
ProjectManager.LastFirmware=true
ProjectManager.LibraryCopy=0
ProjectManager.MainLocation=Core/Src
ProjectManager.NoMain=false
ProjectManager.PreviousToolchain=
ProjectManager.ProjectBuild=false
ProjectManager.ProjectFileName=ascii_terminal.ioc
ProjectManager.ProjectName=ascii_terminal
ProjectManager.StackSize=0x8000
ProjectManager.TargetToolchain=Makefile
ProjectManager.ToolChainLocation=
ProjectManager.UnderRoot=false
ProjectManager.functionlistsort=1-MX_GPIO_Init-GPIO-false-HAL-true,2-MX_DMA_Init-DMA-false-HAL-true,3-SystemClock_Config-RCC-false-HAL-false,4-MX_LTDC_Init-LTDC-false-HAL-true,5-MX_USB_HOST_Init-USB_HOST-false-HAL-false,6-MX_TIM1_Init-TIM1-false-HAL-true,7-MX_UART8_Init-UART8-false-HAL-true
RCC.48MHZClocksFreq_Value=48000000
RCC.AHBFreq_Value=144000000
RCC.APB1CLKDivider=RCC_HCLK_DIV4
RCC.APB1Freq_Value=36000000
RCC.APB1TimFreq_Value=72000000
RCC.APB2CLKDivider=RCC_HCLK_DIV4
RCC.APB2Freq_Value=36000000
RCC.APB2TimFreq_Value=72000000
RCC.CortexFreq_Value=144000000
RCC.EthernetFreq_Value=144000000
RCC.FCLKCortexFreq_Value=144000000
RCC.FamilyName=M
RCC.HCLKFreq_Value=144000000
RCC.HSE_VALUE=8000000
RCC.HSI_VALUE=16000000
RCC.I2SClocksFreq_Value=192000000
RCC.IPParameters=48MHZClocksFreq_Value,AHBFreq_Value,APB1CLKDivider,APB1Freq_Value,APB1TimFreq_Value,APB2CLKDivider,APB2Freq_Value,APB2TimFreq_Value,CortexFreq_Value,EthernetFreq_Value,FCLKCortexFreq_Value,FamilyName,HCLKFreq_Value,HSE_VALUE,HSI_VALUE,I2SClocksFreq_Value,LCDTFTFreq_Value,LSE_VALUE,LSI_VALUE,MCO2PinFreq_Value,PLLCLKFreq_Value,PLLM,PLLN,PLLQ,PLLQCLKFreq_Value,PLLSAIN,RTCFreq_Value,RTCHSEDivFreq_Value,SAI_AClocksFreq_Value,SAI_BClocksFreq_Value,SYSCLKFreq_VALUE,SYSCLKSource,VCOI2SOutputFreq_Value,VCOInputFreq_Value,VCOOutputFreq_Value,VCOSAIOutputFreq_Value,VCOSAIOutputFreq_ValueQ,VCOSAIOutputFreq_ValueR,VcooutputI2S,VcooutputI2SQ
RCC.LCDTFTFreq_Value=25000000
RCC.LSE_VALUE=32768
RCC.LSI_VALUE=32000
RCC.MCO2PinFreq_Value=144000000
RCC.PLLCLKFreq_Value=144000000
RCC.PLLM=4
RCC.PLLN=144
RCC.PLLQ=6
RCC.PLLQCLKFreq_Value=48000000
RCC.PLLSAIN=50
RCC.RTCFreq_Value=32000
RCC.RTCHSEDivFreq_Value=4000000
RCC.SAI_AClocksFreq_Value=25000000
RCC.SAI_BClocksFreq_Value=25000000
RCC.SYSCLKFreq_VALUE=144000000
RCC.SYSCLKSource=RCC_SYSCLKSOURCE_PLLCLK
RCC.VCOI2SOutputFreq_Value=384000000
RCC.VCOInputFreq_Value=2000000
RCC.VCOOutputFreq_Value=288000000
RCC.VCOSAIOutputFreq_Value=100000000
RCC.VCOSAIOutputFreq_ValueQ=25000000
RCC.VCOSAIOutputFreq_ValueR=50000000
RCC.VcooutputI2S=192000000
RCC.VcooutputI2SQ=192000000
SH.FMC_A0.0=FMC_A0,12b-sda1
SH.FMC_A0.ConfNb=1
SH.FMC_A1.0=FMC_A1,12b-sda1
SH.FMC_A1.ConfNb=1
SH.FMC_A10.0=FMC_A10,12b-sda1
SH.FMC_A10.ConfNb=1
SH.FMC_A11.0=FMC_A11,12b-sda1
SH.FMC_A11.ConfNb=1
SH.FMC_A14_BA0.0=FMC_BA0,FourSdramBanks1
SH.FMC_A14_BA0.ConfNb=1
SH.FMC_A15_BA1.0=FMC_BA1,FourSdramBanks1
SH.FMC_A15_BA1.ConfNb=1
SH.FMC_A2.0=FMC_A2,12b-sda1
SH.FMC_A2.ConfNb=1
SH.FMC_A3.0=FMC_A3,12b-sda1
SH.FMC_A3.ConfNb=1
SH.FMC_A4.0=FMC_A4,12b-sda1
SH.FMC_A4.ConfNb=1
SH.FMC_A5.0=FMC_A5,12b-sda1
SH.FMC_A5.ConfNb=1
SH.FMC_A6.0=FMC_A6,12b-sda1
SH.FMC_A6.ConfNb=1
SH.FMC_A7.0=FMC_A7,12b-sda1
SH.FMC_A7.ConfNb=1
SH.FMC_A8.0=FMC_A8,12b-sda1
SH.FMC_A8.ConfNb=1
SH.FMC_A9.0=FMC_A9,12b-sda1
SH.FMC_A9.ConfNb=1
SH.FMC_D0_DA0.0=FMC_D0,sd-16b-d1
SH.FMC_D0_DA0.ConfNb=1
SH.FMC_D10_DA10.0=FMC_D10,sd-16b-d1
SH.FMC_D10_DA10.ConfNb=1
SH.FMC_D11_DA11.0=FMC_D11,sd-16b-d1
SH.FMC_D11_DA11.ConfNb=1
SH.FMC_D12_DA12.0=FMC_D12,sd-16b-d1
SH.FMC_D12_DA12.ConfNb=1
SH.FMC_D13_DA13.0=FMC_D13,sd-16b-d1
SH.FMC_D13_DA13.ConfNb=1
SH.FMC_D14_DA14.0=FMC_D14,sd-16b-d1
SH.FMC_D14_DA14.ConfNb=1
SH.FMC_D15_DA15.0=FMC_D15,sd-16b-d1
SH.FMC_D15_DA15.ConfNb=1
SH.FMC_D1_DA1.0=FMC_D1,sd-16b-d1
SH.FMC_D1_DA1.ConfNb=1
SH.FMC_D2_DA2.0=FMC_D2,sd-16b-d1
SH.FMC_D2_DA2.ConfNb=1
SH.FMC_D3_DA3.0=FMC_D3,sd-16b-d1
SH.FMC_D3_DA3.ConfNb=1
SH.FMC_D4_DA4.0=FMC_D4,sd-16b-d1
SH.FMC_D4_DA4.ConfNb=1
SH.FMC_D5_DA5.0=FMC_D5,sd-16b-d1
SH.FMC_D5_DA5.ConfNb=1
SH.FMC_D6_DA6.0=FMC_D6,sd-16b-d1
SH.FMC_D6_DA6.ConfNb=1
SH.FMC_D7_DA7.0=FMC_D7,sd-16b-d1
SH.FMC_D7_DA7.ConfNb=1
SH.FMC_D8_DA8.0=FMC_D8,sd-16b-d1
SH.FMC_D8_DA8.ConfNb=1
SH.FMC_D9_DA9.0=FMC_D9,sd-16b-d1
SH.FMC_D9_DA9.ConfNb=1
SH.FMC_NBL0.0=FMC_NBL0,Sd2ByteEnable1
SH.FMC_NBL0.ConfNb=1
SH.FMC_NBL1.0=FMC_NBL1,Sd2ByteEnable1
SH.FMC_NBL1.ConfNb=1
SH.FMC_SDCLK.0=FMC_SDCLK,12b-sda1
SH.FMC_SDCLK.ConfNb=1
SH.FMC_SDNCAS.0=FMC_SDNCAS,12b-sda1
SH.FMC_SDNCAS.ConfNb=1
SH.FMC_SDNRAS.0=FMC_SDNRAS,12b-sda1
SH.FMC_SDNRAS.ConfNb=1
SH.FMC_SDNWE.0=FMC_SDNWE,12b-sda1
SH.FMC_SDNWE.ConfNb=1
TIM1.IPParameters=Prescaler,Period
TIM1.Period=10
TIM1.Prescaler=7200
UART7.IPParameters=VirtualMode
UART7.VirtualMode=Asynchronous
USB_HOST.BSP.number=1
USB_HOST.IPParameters=USBH_HandleTypeDef-HID_HS,VirtualModeHS,USBH_DEBUG_LEVEL-HID_HS
USB_HOST.USBH_DEBUG_LEVEL-HID_HS=3
USB_HOST.USBH_HandleTypeDef-HID_HS=hUsbHostHS
USB_HOST.VirtualModeHS=Hid
USB_HOST0.BSP.STBoard=false
USB_HOST0.BSP.api=Unknown
USB_HOST0.BSP.component=
USB_HOST0.BSP.condition=
USB_HOST0.BSP.i2caddr=0
USB_HOST0.BSP.i2creg=
USB_HOST0.BSP.instance=PC4
USB_HOST0.BSP.ip=GPIO
USB_HOST0.BSP.mode=Output
USB_HOST0.BSP.name=Drive_VBUS_HS
USB_HOST0.BSP.semaphore=
USB_HOST0.BSP.solution=PC4
USB_OTG_HS.IPParameters=VirtualMode-Host_FS
USB_OTG_HS.VirtualMode-Host_FS=Host_FS
VP_SYS_VS_tim6.Mode=TIM6
VP_SYS_VS_tim6.Signal=SYS_VS_tim6
VP_TIM1_VS_ClockSourceINT.Mode=Internal
VP_TIM1_VS_ClockSourceINT.Signal=TIM1_VS_ClockSourceINT
VP_USB_HOST_VS_USB_HOST_HID_HS.Mode=HID_HS
VP_USB_HOST_VS_USB_HOST_HID_HS.Signal=USB_HOST_VS_USB_HOST_HID_HS
board=STM32F429I-DISC1
boardIOC=true
