#MicroXplorer Configuration settings - do not modify
Mcu.Family=STM32F4
NVIC.OTG_HS_IRQn=true\:0\:0\:false\:false\:true\:false\:true
ProjectManager.MainLocation=Core/Src
PA6.Mode=RGB666
VP_USB_DEVICE_VS_USB_DEVICE_CDC_HS.Mode=CDC_HS
RCC.CortexFreq_Value=144000000
PC15/OSC32_OUT.GPIO_Label=READY_LED
ProjectManager.KeepUserCode=true
Mcu.UserName=STM32F469VGTx
PB10.Mode=RGB666
TIM1.IPParameters=Prescaler,Period
LTDC.HBP=48
RCC.PLLCLKFreq_Value=144000000
RCC.PLLQCLKFreq_Value=48000000
ProjectManager.functionlistsort=1-MX_GPIO_Init-GPIO-false-HAL-true,2-MX_DMA_Init-DMA-false-HAL-true,3-SystemClock_Config-RCC-false-HAL-false,4-MX_LTDC_Init-LTDC-false-HAL-true,5-MX_UART7_Init-UART7-false-HAL-true,6-MX_USB_HOST_Init-USB_HOST-false-HAL-false,7-MX_USB_DEVICE_Init-USB_DEVICE-false-HAL-false,8-MX_TIM1_Init-TIM1-false-HAL-true
PA11.Mode=Host_Only
RCC.RTCFreq_Value=32000
RCC.PLLDSIFreq_Value=160000000
RCC.PLLI2SRCLKFreq_Value=192000000
PB11.Signal=LTDC_G5
PB15.Signal=USB_OTG_HS_DP
VP_USB_HOST_VS_USB_HOST_HID_FS.Mode=HID_FS
RCC.SAIAFreq_Value=25000000
PinOutPanel.RotationAngle=0
Dma.UART7_TX.1.Instance=DMA1_Stream1
RCC.SYSCLKSource=RCC_SYSCLKSOURCE_PLLCLK
ProjectManager.StackSize=0x400
USB_OTG_FS.speed=HCD_SPEED_LOW
Mcu.IP4=SYS
RCC.FCLKCortexFreq_Value=144000000
Mcu.IP5=TIM1
Mcu.IP2=NVIC
NVIC.SVCall_IRQn=true\:0\:0\:false\:false\:true\:false\:false
Mcu.IP3=RCC
Mcu.IP0=DMA
Mcu.IP1=LTDC
PA12.Signal=USB_OTG_FS_DP
TIM1.Prescaler=7200
PE11.Mode=RGB666
Mcu.UserConstants=
PA4.Mode=RGB666
VP_USB_DEVICE_VS_USB_DEVICE_CDC_HS.Signal=USB_DEVICE_VS_USB_DEVICE_CDC_HS
RCC.LCDTFTFreq_Value=25000000
Mcu.ThirdPartyNb=0
RCC.SDIOFreq_Value=48000000
PH0/OSC_IN.Mode=HSE-External-Oscillator
RCC.HCLKFreq_Value=144000000
Mcu.IPNb=11
Dma.UART7_TX.1.PeriphDataAlignment=DMA_PDATAALIGN_BYTE
ProjectManager.PreviousToolchain=
RCC.APB2TimFreq_Value=144000000
PC7.Signal=LTDC_G6
LTDC.WindowX1_L0=640
PH1/OSC_OUT.Signal=RCC_OSC_OUT
PD10.Mode=RGB666
Mcu.Pin6=PA4
Mcu.Pin7=PA5
Mcu.Pin8=PA6
Mcu.Pin9=PB0
RCC.VCOSAIOutputFreq_Value=100000000
USB_DEVICE.VirtualMode-CDC_HS=Cdc
RCC.AHBFreq_Value=144000000
Mcu.Pin0=PC15/OSC32_OUT
Mcu.Pin1=PH0/OSC_IN
Dma.UART7_RX.0.MemDataAlignment=DMA_MDATAALIGN_BYTE
GPIO.groupedBy=Group By Peripherals
Mcu.Pin2=PH1/OSC_OUT
Mcu.Pin3=PC0
Mcu.Pin4=PA1
Mcu.Pin5=PA3
RCC.PLLSAIRCLKFreq_Value=50000000
ProjectManager.ProjectBuild=false
RCC.HSE_VALUE=8000000
NVIC.UsageFault_IRQn=true\:0\:0\:false\:false\:true\:false\:false
NVIC.DebugMonitor_IRQn=true\:0\:0\:false\:false\:true\:false\:false
USB_OTG_FS.phy_itface=HCD_PHY_EMBEDDED
Mcu.IP10=USB_OTG_HS
NVIC.SysTick_IRQn=true\:0\:0\:false\:false\:true\:false\:true
USB_DEVICE.USBD_DEBUG_LEVEL-CDC_HS=3
PC15/OSC32_OUT.GPIOParameters=GPIO_Label
ProjectManager.FirmwarePackage=STM32Cube FW_F4 V1.25.2
LTDC.VBP=33
MxDb.Version=DB.5.0.60
LTDC.IPParameters=HSync,HBP,HFP,VSync,VBP,VFP,Layers,WindowX1_L0,WindowY1_L0,PixelFormat_L0,Alpha_L0,ImageWidth_L0,ImageHeight_L0
LTDC.PixelFormat_L0=LTDC_PIXEL_FORMAT_L8
PE13.Signal=LTDC_DE
ProjectManager.BackupPrevious=false
RCC.VCOInputFreq_Value=2000000
PB14.Mode=Device_Only_FS
USB_HOST.USBH_HandleTypeDef-HID_FS=hUsbHostFS
File.Version=6
Dma.UART7_TX.1.PeriphInc=DMA_PINC_DISABLE
LTDC.HFP=16
RCC.PLLRCLKFreq_Value=144000000
PE13.Mode=RGB666
NVIC.PendSV_IRQn=true\:0\:0\:false\:false\:true\:false\:false
PC15/OSC32_OUT.Locked=true
USB_OTG_HS.IPParameters=VirtualMode-Device_Only_FS
PD3.Mode=RGB666
PH1/OSC_OUT.Mode=HSE-External-Oscillator
LTDC.HSync=96
USB_HOST.USBH_DEBUG_LEVEL-HID_FS=3
Dma.RequestsNb=2
Dma.UART7_RX.0.Priority=DMA_PRIORITY_LOW
ProjectManager.HalAssertFull=false
VP_TIM1_VS_ClockSourceINT.Mode=Internal
ProjectManager.ProjectName=color_terminal
Dma.UART7_RX.0.Mode=DMA_CIRCULAR
RCC.MCO2PinFreq_Value=144000000
Mcu.Package=LQFP100
PB9.Signal=LTDC_B7
PB1.Signal=LTDC_R6
PA6.Signal=LTDC_G2
Dma.UART7_RX.0.PeriphInc=DMA_PINC_DISABLE
NVIC.OTG_FS_IRQn=true\:0\:0\:false\:false\:true\:false\:true
ProjectManager.ToolChainLocation=
VP_SYS_VS_Systick.Signal=SYS_VS_Systick
RCC.DSIFreq_Value=20000000
USB_OTG_FS.VirtualMode=Host_Only
USB_DEVICE.CLASS_NAME_HS=CDC
RCC.PLLSAIN=50
USB_DEVICE.VirtualModeHS=Cdc_HS
RCC.APB2CLKDivider=RCC_HCLK_DIV2
LTDC.VSync=2
Dma.Request1=UART7_TX
RCC.APB1TimFreq_Value=72000000
NVIC.BusFault_IRQn=true\:0\:0\:false\:false\:true\:false\:false
TIM1.Period=10
USB_OTG_FS.IPParameters=VirtualMode,phy_itface,speed
PE7.Signal=UART7_RX
PD6.Signal=LTDC_B2
RCC.SAIBFreq_Value=25000000
Dma.Request0=UART7_RX
ProjectManager.CustomerFirmwarePackage=
RCC.PLLSAIQCLKFreq_Value=25000000
Dma.UART7_RX.0.RequestParameters=Instance,Direction,PeriphInc,MemInc,PeriphDataAlignment,MemDataAlignment,Mode,Priority,FIFOMode
PA3.Signal=LTDC_B5
PA5.Mode=RGB666
PE12.Mode=RGB666
RCC.I2SFreq_Value=192000000
USB_HOST.IPParameters=USBH_HandleTypeDef-HID_FS,VirtualModeFS,USBH_DEBUG_LEVEL-HID_FS
Dma.UART7_RX.0.MemInc=DMA_MINC_ENABLE
ProjectManager.ProjectFileName=color_terminal.ioc
LTDC.VFP=10
Dma.UART7_TX.1.MemDataAlignment=DMA_MDATAALIGN_BYTE
LTDC.WindowY1_L0=480
Mcu.PinsNb=35
Dma.UART7_TX.1.Direction=DMA_MEMORY_TO_PERIPH
ProjectManager.NoMain=false
Dma.UART7_TX.1.Mode=DMA_NORMAL
RCC.PLLRFreq_Value=144000000
PD3.Signal=LTDC_G7
PC6.Signal=LTDC_HSYNC
ProjectManager.DefaultFWLocation=true
VP_USB_HOST_VS_USB_HOST_HID_FS.Signal=USB_HOST_VS_USB_HOST_HID_FS
NVIC.DMA1_Stream1_IRQn=true\:0\:0\:false\:false\:true\:false\:true
Dma.UART7_RX.0.Instance=DMA1_Stream3
ProjectManager.DeletePrevious=true
Dma.UART7_RX.0.PeriphDataAlignment=DMA_PDATAALIGN_BYTE
UART7.VirtualMode=Asynchronous
PC0.Signal=LTDC_R5
RCC.APB1CLKDivider=RCC_HCLK_DIV4
PD6.Mode=RGB666
USB_DEVICE.IPParameters=VirtualMode-CDC_HS,VirtualModeHS,CLASS_NAME_HS,USBD_DEBUG_LEVEL-CDC_HS
USB_OTG_HS.VirtualMode-Device_Only_FS=Device_Only_FS
RCC.FamilyName=M
PC0.Mode=RGB666
LTDC.ImageWidth_L0=640
Dma.UART7_TX.1.RequestParameters=Instance,Direction,PeriphInc,MemInc,PeriphDataAlignment,MemDataAlignment,Mode,Priority,FIFOMode
RCC.DSITXEscFreq_Value=5000000
PE8.Mode=Asynchronous
PD10.Signal=LTDC_B3
PA3.Mode=RGB666
PB11.Mode=RGB666
ProjectManager.TargetToolchain=Makefile
RCC.PLLDSIVCOFreq_Value=320000000
PC6.Mode=RGB666
Dma.UART7_RX.0.FIFOMode=DMA_FIFOMODE_DISABLE
PB9.Mode=RGB666
VP_TIM1_VS_ClockSourceINT.Signal=TIM1_VS_ClockSourceINT
RCC.USBFreq_Value=48000000
PE11.Signal=LTDC_G3
PA1.Signal=LTDC_R2
PB10.Signal=LTDC_G4
RCC.VCOI2SOutputFreq_Value=384000000
PB14.Signal=USB_OTG_HS_DM
PA5.Signal=LTDC_R4
PB0.Mode=RGB666
RCC.PLLSAIPCLKFreq_Value=50000000
board=custom
Dma.UART7_TX.1.Priority=DMA_PRIORITY_LOW
RCC.VCOOutputFreq_Value=288000000
ProjectManager.LastFirmware=true
USB_HOST.VirtualModeFS=Hid
PB15.Mode=Device_Only_FS
PH0/OSC_IN.Signal=RCC_OSC_IN
RCC.APB2Freq_Value=72000000
PE14.Signal=LTDC_CLK
PA1.Mode=RGB666
Dma.UART7_TX.1.FIFOMode=DMA_FIFOMODE_DISABLE
PE15.Signal=LTDC_R7
MxCube.Version=5.6.1
LTDC.Layers=0
PE8.Signal=UART7_TX
PE14.Mode=RGB666
Mcu.Pin30=PB9
VP_SYS_VS_Systick.Mode=SysTick
RCC.EthernetFreq_Value=144000000
Mcu.Pin33=VP_USB_DEVICE_VS_USB_DEVICE_CDC_HS
Mcu.Pin34=VP_USB_HOST_VS_USB_HOST_HID_FS
Mcu.Pin31=VP_SYS_VS_Systick
Mcu.Pin32=VP_TIM1_VS_ClockSourceINT
NVIC.NonMaskableInt_IRQn=true\:0\:0\:false\:false\:true\:false\:false
Dma.UART7_RX.0.Direction=DMA_PERIPH_TO_MEMORY
ProjectManager.FreePins=false
RCC.IPParameters=AHBFreq_Value,APB1CLKDivider,APB1Freq_Value,APB1TimFreq_Value,APB2CLKDivider,APB2Freq_Value,APB2TimFreq_Value,CortexFreq_Value,DSIFreq_Value,DSITXEscFreq_Value,EthernetFreq_Value,FCLKCortexFreq_Value,FamilyName,HCLKFreq_Value,HSE_VALUE,I2SFreq_Value,LCDTFTFreq_Value,MCO2PinFreq_Value,PLLCLKFreq_Value,PLLDSIFreq_Value,PLLDSIVCOFreq_Value,PLLI2SQCLKFreq_Value,PLLI2SRCLKFreq_Value,PLLM,PLLN,PLLQ,PLLQCLKFreq_Value,PLLRCLKFreq_Value,PLLRFreq_Value,PLLSAIN,PLLSAIPCLKFreq_Value,PLLSAIQCLKFreq_Value,PLLSAIRCLKFreq_Value,RTCFreq_Value,RTCHSEDivFreq_Value,SAIAFreq_Value,SAIBFreq_Value,SDIOFreq_Value,SYSCLKFreq_VALUE,SYSCLKSource,USBFreq_Value,VCOI2SOutputFreq_Value,VCOInputFreq_Value,VCOOutputFreq_Value,VCOSAIOutputFreq_Value
ProjectManager.AskForMigrate=true
Mcu.Name=STM32F469V(E-G)Tx
RCC.PLLI2SQCLKFreq_Value=96000000
Mcu.Pin26=PA12
PE12.Signal=LTDC_B4
Mcu.Pin27=PD3
RCC.RTCHSEDivFreq_Value=4000000
Mcu.Pin24=PC7
ProjectManager.UnderRoot=false
Mcu.Pin25=PA11
Mcu.IP8=USB_HOST
Mcu.IP9=USB_OTG_FS
Mcu.Pin28=PD6
Mcu.IP6=UART7
Mcu.Pin29=PB8
Mcu.IP7=USB_DEVICE
ProjectManager.CoupleFile=true
PA4.Signal=LTDC_VSYNC
RCC.SYSCLKFreq_VALUE=144000000
Mcu.Pin22=PD10
PE7.Mode=Asynchronous
Mcu.Pin23=PC6
Mcu.Pin20=PB14
Mcu.Pin21=PB15
PA12.Mode=Host_Only
NVIC.ForceEnableDMAVector=true
KeepUserPlacement=false
NVIC.MemoryManagement_IRQn=true\:0\:0\:false\:false\:true\:false\:false
ProjectManager.CompilerOptimize=6
LTDC.Alpha_L0=255
PA11.Signal=USB_OTG_FS_DM
ProjectManager.HeapSize=0x200
Mcu.Pin15=PE13
Dma.UART7_TX.1.MemInc=DMA_MINC_ENABLE
NVIC.HardFault_IRQn=true\:0\:0\:false\:false\:true\:false\:false
PB1.Mode=RGB666
Mcu.Pin16=PE14
Mcu.Pin13=PE11
UART7.IPParameters=VirtualMode
Mcu.Pin14=PE12
Mcu.Pin19=PB11
NVIC.TIM1_UP_TIM10_IRQn=true\:0\:0\:false\:false\:true\:true\:true
ProjectManager.ComputerToolchain=false
Mcu.Pin17=PE15
Mcu.Pin18=PB10
RCC.PLLQ=6
NVIC.PriorityGroup=NVIC_PRIORITYGROUP_4
Mcu.Pin11=PE7
Mcu.Pin12=PE8
RCC.PLLM=4
PB8.Mode=RGB666
RCC.PLLN=144
Mcu.Pin10=PB1
PB8.Signal=LTDC_B6
NVIC.DMA1_Stream3_IRQn=true\:0\:0\:false\:false\:true\:false\:true
PC15/OSC32_OUT.Signal=GPIO_Output
PC7.Mode=RGB666
RCC.APB1Freq_Value=36000000
LTDC.ImageHeight_L0=480
PB0.Signal=LTDC_R3
ProjectManager.DeviceId=STM32F469VGTx
ProjectManager.LibraryCopy=0
PE15.Mode=RGB666
